
Microsoft Visual Studio Solution File, Format Version 12.00
# Visual Studio 15
VisualStudioVersion = 15.0.26124.0
MinimumVisualStudioVersion = 15.0.26124.0
Project("{2150E333-8FDC-42A3-9474-1A3956D46DE8}") = "src", "src", "{47B70B46-68FB-44A2-88DE-9884B5D1E101}"
EndProject
Project("{F2A71F9B-5D33-465A-A702-920D77279786}") = "Fable.Sveltish", "src\Fable.Sveltish\Fable.Sveltish.fsproj", "{024299B9-4DF0-4A75-9EDA-B048F01BD58A}"
EndProject
Project("{F2A71F9B-5D33-465A-A702-920D77279786}") = "App", "src\App\App.fsproj", "{21F55368-62BD-477F-9CE7-DAE7828F7073}"
EndProject
Global
	GlobalSection(SolutionConfigurationPlatforms) = preSolution
		Debug|Any CPU = Debug|Any CPU
		Debug|x64 = Debug|x64
		Debug|x86 = Debug|x86
		Release|Any CPU = Release|Any CPU
		Release|x64 = Release|x64
		Release|x86 = Release|x86
	EndGlobalSection
	GlobalSection(SolutionProperties) = preSolution
		HideSolutionNode = FALSE
	EndGlobalSection
	GlobalSection(ProjectConfigurationPlatforms) = postSolution
		{024299B9-4DF0-4A75-9EDA-B048F01BD58A}.Debug|Any CPU.ActiveCfg = Debug|Any CPU
		{024299B9-4DF0-4A75-9EDA-B048F01BD58A}.Debug|Any CPU.Build.0 = Debug|Any CPU
		{024299B9-4DF0-4A75-9EDA-B048F01BD58A}.Debug|x64.ActiveCfg = Debug|Any CPU
		{024299B9-4DF0-4A75-9EDA-B048F01BD58A}.Debug|x64.Build.0 = Debug|Any CPU
		{024299B9-4DF0-4A75-9EDA-B048F01BD58A}.Debug|x86.ActiveCfg = Debug|Any CPU
		{024299B9-4DF0-4A75-9EDA-B048F01BD58A}.Debug|x86.Build.0 = Debug|Any CPU
		{024299B9-4DF0-4A75-9EDA-B048F01BD58A}.Release|Any CPU.ActiveCfg = Release|Any CPU
		{024299B9-4DF0-4A75-9EDA-B048F01BD58A}.Release|Any CPU.Build.0 = Release|Any CPU
		{024299B9-4DF0-4A75-9EDA-B048F01BD58A}.Release|x64.ActiveCfg = Release|Any CPU
		{024299B9-4DF0-4A75-9EDA-B048F01BD58A}.Release|x64.Build.0 = Release|Any CPU
		{024299B9-4DF0-4A75-9EDA-B048F01BD58A}.Release|x86.ActiveCfg = Release|Any CPU
		{024299B9-4DF0-4A75-9EDA-B048F01BD58A}.Release|x86.Build.0 = Release|Any CPU
		{21F55368-62BD-477F-9CE7-DAE7828F7073}.Debug|Any CPU.ActiveCfg = Debug|Any CPU
		{21F55368-62BD-477F-9CE7-DAE7828F7073}.Debug|Any CPU.Build.0 = Debug|Any CPU
		{21F55368-62BD-477F-9CE7-DAE7828F7073}.Debug|x64.ActiveCfg = Debug|Any CPU
		{21F55368-62BD-477F-9CE7-DAE7828F7073}.Debug|x64.Build.0 = Debug|Any CPU
		{21F55368-62BD-477F-9CE7-DAE7828F7073}.Debug|x86.ActiveCfg = Debug|Any CPU
		{21F55368-62BD-477F-9CE7-DAE7828F7073}.Debug|x86.Build.0 = Debug|Any CPU
		{21F55368-62BD-477F-9CE7-DAE7828F7073}.Release|Any CPU.ActiveCfg = Release|Any CPU
		{21F55368-62BD-477F-9CE7-DAE7828F7073}.Release|Any CPU.Build.0 = Release|Any CPU
		{21F55368-62BD-477F-9CE7-DAE7828F7073}.Release|x64.ActiveCfg = Release|Any CPU
		{21F55368-62BD-477F-9CE7-DAE7828F7073}.Release|x64.Build.0 = Release|Any CPU
		{21F55368-62BD-477F-9CE7-DAE7828F7073}.Release|x86.ActiveCfg = Release|Any CPU
		{21F55368-62BD-477F-9CE7-DAE7828F7073}.Release|x86.Build.0 = Release|Any CPU
	EndGlobalSection
	GlobalSection(NestedProjects) = preSolution
		{024299B9-4DF0-4A75-9EDA-B048F01BD58A} = {47B70B46-68FB-44A2-88DE-9884B5D1E101}
		{21F55368-62BD-477F-9CE7-DAE7828F7073} = {47B70B46-68FB-44A2-88DE-9884B5D1E101}
	EndGlobalSection
EndGlobal
