Microsoft Visual Studio Solution File, Format Version 12.00
# Visual Studio 15
VisualStudioVersion = 15.0.26124.0
MinimumVisualStudioVersion = 15.0.26124.0
Project("{F2A71F9B-5D33-465A-A702-920D77279786}") = "Sutil", "src\Sutil\Sutil.fsproj", "{7148DD87-36C1-44C6-AABE-5F3F4D14BFF3}"
EndProject
Project("{2150E333-8FDC-42A3-9474-1A3956D46DE8}") = "src", "src", "{3553C18E-B6C4-4469-8DAD-8D1161106266}"
EndProject
Project("{F2A71F9B-5D33-465A-A702-920D77279786}") = "App", "src\App\App.fsproj", "{1B45192B-BF76-43B2-BF06-AEB5C3655764}"
EndProject
Project("{2150E333-8FDC-42A3-9474-1A3956D46DE8}") = "tests", "tests", "{7F59CD5F-B8B9-44AD-85B0-F28767CBBE03}"
EndProject
Project("{F2A71F9B-5D33-465A-A702-920D77279786}") = "Tests", "tests\test\Tests.fsproj", "{8B650DA8-AC95-464D-A0DA-18209DC7520D}"
EndProject
Project("{2150E333-8FDC-42A3-9474-1A3956D46DE8}") = "src", "src", "{B940CB1F-88DF-4AAF-95E1-3D26CBF62E88}"
EndProject
Project("{2150E333-8FDC-42A3-9474-1A3956D46DE8}") = "src", "src", "{AC2D2978-A06F-405A-A309-624981C69E6A}"
EndProject
Global
	GlobalSection(SolutionConfigurationPlatforms) = preSolution
		Debug|Any CPU = Debug|Any CPU
		Debug|x64 = Debug|x64
		Debug|x86 = Debug|x86
		Release|Any CPU = Release|Any CPU
		Release|x64 = Release|x64
		Release|x86 = Release|x86
	EndGlobalSection
	GlobalSection(SolutionProperties) = preSolution
		HideSolutionNode = FALSE
	EndGlobalSection
	GlobalSection(ProjectConfigurationPlatforms) = postSolution
		{69333958-014C-40C8-B451-B25A2FEF9945}.Debug|Any CPU.ActiveCfg = Debug|Any CPU
		{69333958-014C-40C8-B451-B25A2FEF9945}.Debug|Any CPU.Build.0 = Debug|Any CPU
		{69333958-014C-40C8-B451-B25A2FEF9945}.Debug|x64.ActiveCfg = Debug|Any CPU
		{69333958-014C-40C8-B451-B25A2FEF9945}.Debug|x64.Build.0 = Debug|Any CPU
		{69333958-014C-40C8-B451-B25A2FEF9945}.Debug|x86.ActiveCfg = Debug|Any CPU
		{69333958-014C-40C8-B451-B25A2FEF9945}.Debug|x86.Build.0 = Debug|Any CPU
		{69333958-014C-40C8-B451-B25A2FEF9945}.Release|Any CPU.ActiveCfg = Release|Any CPU
		{69333958-014C-40C8-B451-B25A2FEF9945}.Release|Any CPU.Build.0 = Release|Any CPU
		{69333958-014C-40C8-B451-B25A2FEF9945}.Release|x64.ActiveCfg = Release|Any CPU
		{69333958-014C-40C8-B451-B25A2FEF9945}.Release|x64.Build.0 = Release|Any CPU
		{69333958-014C-40C8-B451-B25A2FEF9945}.Release|x86.ActiveCfg = Release|Any CPU
		{69333958-014C-40C8-B451-B25A2FEF9945}.Release|x86.Build.0 = Release|Any CPU
		{7148DD87-36C1-44C6-AABE-5F3F4D14BFF3}.Debug|Any CPU.ActiveCfg = Debug|Any CPU
		{7148DD87-36C1-44C6-AABE-5F3F4D14BFF3}.Debug|Any CPU.Build.0 = Debug|Any CPU
		{7148DD87-36C1-44C6-AABE-5F3F4D14BFF3}.Debug|x64.ActiveCfg = Debug|Any CPU
		{7148DD87-36C1-44C6-AABE-5F3F4D14BFF3}.Debug|x64.Build.0 = Debug|Any CPU
		{7148DD87-36C1-44C6-AABE-5F3F4D14BFF3}.Debug|x86.ActiveCfg = Debug|Any CPU
		{7148DD87-36C1-44C6-AABE-5F3F4D14BFF3}.Debug|x86.Build.0 = Debug|Any CPU
		{7148DD87-36C1-44C6-AABE-5F3F4D14BFF3}.Release|Any CPU.ActiveCfg = Release|Any CPU
		{7148DD87-36C1-44C6-AABE-5F3F4D14BFF3}.Release|Any CPU.Build.0 = Release|Any CPU
		{7148DD87-36C1-44C6-AABE-5F3F4D14BFF3}.Release|x64.ActiveCfg = Release|Any CPU
		{7148DD87-36C1-44C6-AABE-5F3F4D14BFF3}.Release|x64.Build.0 = Release|Any CPU
		{7148DD87-36C1-44C6-AABE-5F3F4D14BFF3}.Release|x86.ActiveCfg = Release|Any CPU
		{7148DD87-36C1-44C6-AABE-5F3F4D14BFF3}.Release|x86.Build.0 = Release|Any CPU
		{1B45192B-BF76-43B2-BF06-AEB5C3655764}.Debug|Any CPU.ActiveCfg = Debug|Any CPU
		{1B45192B-BF76-43B2-BF06-AEB5C3655764}.Debug|Any CPU.Build.0 = Debug|Any CPU
		{1B45192B-BF76-43B2-BF06-AEB5C3655764}.Debug|x64.ActiveCfg = Debug|Any CPU
		{1B45192B-BF76-43B2-BF06-AEB5C3655764}.Debug|x64.Build.0 = Debug|Any CPU
		{1B45192B-BF76-43B2-BF06-AEB5C3655764}.Debug|x86.ActiveCfg = Debug|Any CPU
		{1B45192B-BF76-43B2-BF06-AEB5C3655764}.Debug|x86.Build.0 = Debug|Any CPU
		{1B45192B-BF76-43B2-BF06-AEB5C3655764}.Release|Any CPU.ActiveCfg = Release|Any CPU
		{1B45192B-BF76-43B2-BF06-AEB5C3655764}.Release|Any CPU.Build.0 = Release|Any CPU
		{1B45192B-BF76-43B2-BF06-AEB5C3655764}.Release|x64.ActiveCfg = Release|Any CPU
		{1B45192B-BF76-43B2-BF06-AEB5C3655764}.Release|x64.Build.0 = Release|Any CPU
		{1B45192B-BF76-43B2-BF06-AEB5C3655764}.Release|x86.ActiveCfg = Release|Any CPU
		{1B45192B-BF76-43B2-BF06-AEB5C3655764}.Release|x86.Build.0 = Release|Any CPU
		{8B650DA8-AC95-464D-A0DA-18209DC7520D}.Debug|Any CPU.ActiveCfg = Debug|Any CPU
		{8B650DA8-AC95-464D-A0DA-18209DC7520D}.Debug|Any CPU.Build.0 = Debug|Any CPU
		{8B650DA8-AC95-464D-A0DA-18209DC7520D}.Debug|x64.ActiveCfg = Debug|Any CPU
		{8B650DA8-AC95-464D-A0DA-18209DC7520D}.Debug|x64.Build.0 = Debug|Any CPU
		{8B650DA8-AC95-464D-A0DA-18209DC7520D}.Debug|x86.ActiveCfg = Debug|Any CPU
		{8B650DA8-AC95-464D-A0DA-18209DC7520D}.Debug|x86.Build.0 = Debug|Any CPU
		{8B650DA8-AC95-464D-A0DA-18209DC7520D}.Release|Any CPU.ActiveCfg = Release|Any CPU
		{8B650DA8-AC95-464D-A0DA-18209DC7520D}.Release|Any CPU.Build.0 = Release|Any CPU
		{8B650DA8-AC95-464D-A0DA-18209DC7520D}.Release|x64.ActiveCfg = Release|Any CPU
		{8B650DA8-AC95-464D-A0DA-18209DC7520D}.Release|x64.Build.0 = Release|Any CPU
		{8B650DA8-AC95-464D-A0DA-18209DC7520D}.Release|x86.ActiveCfg = Release|Any CPU
		{8B650DA8-AC95-464D-A0DA-18209DC7520D}.Release|x86.Build.0 = Release|Any CPU
		{3761BB24-59DB-402A-85DD-6FFD83C0889A}.Debug|Any CPU.ActiveCfg = Debug|Any CPU
		{3761BB24-59DB-402A-85DD-6FFD83C0889A}.Debug|Any CPU.Build.0 = Debug|Any CPU
		{3761BB24-59DB-402A-85DD-6FFD83C0889A}.Debug|x64.ActiveCfg = Debug|Any CPU
		{3761BB24-59DB-402A-85DD-6FFD83C0889A}.Debug|x64.Build.0 = Debug|Any CPU
		{3761BB24-59DB-402A-85DD-6FFD83C0889A}.Debug|x86.ActiveCfg = Debug|Any CPU
		{3761BB24-59DB-402A-85DD-6FFD83C0889A}.Debug|x86.Build.0 = Debug|Any CPU
		{3761BB24-59DB-402A-85DD-6FFD83C0889A}.Release|Any CPU.ActiveCfg = Release|Any CPU
		{3761BB24-59DB-402A-85DD-6FFD83C0889A}.Release|Any CPU.Build.0 = Release|Any CPU
		{3761BB24-59DB-402A-85DD-6FFD83C0889A}.Release|x64.ActiveCfg = Release|Any CPU
		{3761BB24-59DB-402A-85DD-6FFD83C0889A}.Release|x64.Build.0 = Release|Any CPU
		{3761BB24-59DB-402A-85DD-6FFD83C0889A}.Release|x86.ActiveCfg = Release|Any CPU
		{3761BB24-59DB-402A-85DD-6FFD83C0889A}.Release|x86.Build.0 = Release|Any CPU
		{11A2DF4C-561B-4E53-9423-F5B260DDD525}.Debug|Any CPU.ActiveCfg = Debug|Any CPU
		{11A2DF4C-561B-4E53-9423-F5B260DDD525}.Debug|Any CPU.Build.0 = Debug|Any CPU
		{11A2DF4C-561B-4E53-9423-F5B260DDD525}.Debug|x64.ActiveCfg = Debug|Any CPU
		{11A2DF4C-561B-4E53-9423-F5B260DDD525}.Debug|x64.Build.0 = Debug|Any CPU
		{11A2DF4C-561B-4E53-9423-F5B260DDD525}.Debug|x86.ActiveCfg = Debug|Any CPU
		{11A2DF4C-561B-4E53-9423-F5B260DDD525}.Debug|x86.Build.0 = Debug|Any CPU
		{11A2DF4C-561B-4E53-9423-F5B260DDD525}.Release|Any CPU.ActiveCfg = Release|Any CPU
		{11A2DF4C-561B-4E53-9423-F5B260DDD525}.Release|Any CPU.Build.0 = Release|Any CPU
		{11A2DF4C-561B-4E53-9423-F5B260DDD525}.Release|x64.ActiveCfg = Release|Any CPU
		{11A2DF4C-561B-4E53-9423-F5B260DDD525}.Release|x64.Build.0 = Release|Any CPU
		{11A2DF4C-561B-4E53-9423-F5B260DDD525}.Release|x86.ActiveCfg = Release|Any CPU
		{11A2DF4C-561B-4E53-9423-F5B260DDD525}.Release|x86.Build.0 = Release|Any CPU
	EndGlobalSection
	GlobalSection(NestedProjects) = preSolution
		{1B45192B-BF76-43B2-BF06-AEB5C3655764} = {3553C18E-B6C4-4469-8DAD-8D1161106266}
		{8B650DA8-AC95-464D-A0DA-18209DC7520D} = {7F59CD5F-B8B9-44AD-85B0-F28767CBBE03}
		{78696A55-63A8-4940-8C35-3C8100937CBF} = {12CC812A-3F1C-4561-9C1A-0522F30F6592}
		{B940CB1F-88DF-4AAF-95E1-3D26CBF62E88} = {78696A55-63A8-4940-8C35-3C8100937CBF}
		{3761BB24-59DB-402A-85DD-6FFD83C0889A} = {B940CB1F-88DF-4AAF-95E1-3D26CBF62E88}
		{75395154-04B0-4303-96E0-0095B87529B1} = {12CC812A-3F1C-4561-9C1A-0522F30F6592}
		{AC2D2978-A06F-405A-A309-624981C69E6A} = {75395154-04B0-4303-96E0-0095B87529B1}
		{11A2DF4C-561B-4E53-9423-F5B260DDD525} = {AC2D2978-A06F-405A-A309-624981C69E6A}
	EndGlobalSection
EndGlobal
