
Microsoft Visual Studio Solution File, Format Version 12.00
# Visual Studio Version 17
VisualStudioVersion = 17.0.31903.59
MinimumVisualStudioVersion = 10.0.40219.1
Project("{F2A71F9B-5D33-465A-A702-920D77279786}") = "EasyBuild", "EasyBuild.fsproj", "{BB15DCB4-C18F-4B2C-9F5C-00EF84DF790C}"
EndProject
Global
	GlobalSection(SolutionConfigurationPlatforms) = preSolution
		Debug|Any CPU = Debug|Any CPU
		Release|Any CPU = Release|Any CPU
	EndGlobalSection
	GlobalSection(SolutionProperties) = preSolution
		HideSolutionNode = FALSE
	EndGlobalSection
	GlobalSection(ProjectConfigurationPlatforms) = postSolution
		{BB15DCB4-C18F-4B2C-9F5C-00EF84DF790C}.Debug|Any CPU.ActiveCfg = Debug|Any CPU
		{BB15DCB4-C18F-4B2C-9F5C-00EF84DF790C}.Debug|Any CPU.Build.0 = Debug|Any CPU
		{BB15DCB4-C18F-4B2C-9F5C-00EF84DF790C}.Release|Any CPU.ActiveCfg = Release|Any CPU
		{BB15DCB4-C18F-4B2C-9F5C-00EF84DF790C}.Release|Any CPU.Build.0 = Release|Any CPU
	EndGlobalSection
EndGlobal
